<?xml version="1.0" encoding="utf-8"?>
<Project ToolsVersion="4.0" xmlns="http://schemas.microsoft.com/developer/msbuild/2003">
  <ItemGroup>
    <ResourceCompile Include="..\..\..\media\rarch.rc" />
  </ItemGroup>
  <ItemGroup>
    <Filter Include="griffin">
      <UniqueIdentifier>{9fc175c7-a869-47cf-a0ce-5447d6015ce9}</UniqueIdentifier>
    </Filter>
  </ItemGroup>
  <ItemGroup>
    <ClCompile Include="..\..\..\griffin\griffin.c">
      <Filter>griffin</Filter>
    </ClCompile>
    <ClCompile Include="..\..\..\griffin\griffin_cpp.cpp">
      <Filter>griffin</Filter>
    </ClCompile>
  </ItemGroup>
  <ItemGroup>
    <Filter Include="ggpo">
      <UniqueIdentifier>{96146578-af57-4f4d-9438-e66292ca0f5f}</UniqueIdentifier>
    </Filter>
  </ItemGroup>
  <ItemGroup>
    <ClCompile Include="..\..\..\deps\ggpo\src\lib\ggpo\bitvector.cpp">
      <Filter>ggpo</Filter>
    </ClCompile>
    <ClCompile Include="..\..\..\deps\ggpo\src\lib\ggpo\game_input.cpp">
      <Filter>ggpo</Filter>
    </ClCompile>
    <ClCompile Include="..\..\..\deps\ggpo\src\lib\ggpo\input_queue.cpp">
      <Filter>ggpo</Filter>
    </ClCompile>
    <ClCompile Include="..\..\..\deps\ggpo\src\lib\ggpo\log.cpp">
      <Filter>ggpo</Filter>
    </ClCompile>
    <ClCompile Include="..\..\..\deps\ggpo\src\lib\ggpo\main.cpp">
      <Filter>ggpo</Filter>
    </ClCompile>
    <ClCompile Include="..\..\..\deps\ggpo\src\lib\ggpo\poll.cpp">
      <Filter>ggpo</Filter>
    </ClCompile>
    <ClCompile Include="..\..\..\deps\ggpo\src\lib\ggpo\sync.cpp">
      <Filter>ggpo</Filter>
    </ClCompile>
    <ClCompile Include="..\..\..\deps\ggpo\src\lib\ggpo\timesync.cpp">
      <Filter>ggpo</Filter>
    </ClCompile>
    <ClCompile Include="..\..\..\deps\ggpo\src\lib\ggpo\network\udp.cpp">
      <Filter>ggpo</Filter>
    </ClCompile>
    <ClCompile Include="..\..\..\deps\ggpo\src\lib\ggpo\network\udp_proto.cpp">
      <Filter>ggpo</Filter>
    </ClCompile>
    <ClCompile Include="..\..\..\deps\ggpo\src\lib\ggpo\backends\p2p.cpp">
      <Filter>ggpo</Filter>
    </ClCompile>
    <ClCompile Include="..\..\..\deps\ggpo\src\lib\ggpo\backends\spectator.cpp">
      <Filter>ggpo</Filter>
    </ClCompile>
    <ClCompile Include="..\..\..\deps\ggpo\src\lib\ggpo\backends\synctest.cpp">
      <Filter>ggpo</Filter>
    </ClCompile>
    <ClCompile Include="..\..\..\deps\ggpo\src\lib\ggpo\platform_windows.cpp">
      <Filter>ggpo</Filter>
    </ClCompile>
  </ItemGroup>
  <ItemGroup>
    <ClCompile Include="..\..\..\deps\ggpo\src\lib\lz4\lz4.c">
      <Filter>ggpo</Filter>
    </ClCompile>
  </ItemGroup>
</Project>
