<?xml version="1.0" encoding="utf-8"?>
<Project ToolsVersion="4.0" xmlns="http://schemas.microsoft.com/developer/msbuild/2003">
  <ItemGroup>
    <Filter Include="Source Files">
      <UniqueIdentifier>{4FC737F1-C7A5-4376-A066-2A32D752A2FF}</UniqueIdentifier>
      <Extensions>cpp;c;cc;cxx;def;odl;idl;hpj;bat;asm;asmx</Extensions>
    </Filter>
    <Filter Include="Header Files">
      <UniqueIdentifier>{93995380-89BD-4b04-88EB-625FBE52EBFB}</UniqueIdentifier>
      <Extensions>h;hh;hpp;hxx;hm;inl;inc;xsd</Extensions>
    </Filter>
    <Filter Include="Resource Files">
      <UniqueIdentifier>{67DA6AB6-F800-4c08-8B7A-83BB121AAD01}</UniqueIdentifier>
      <Extensions>rc;ico;cur;bmp;dlg;rc2;rct;bin;rgs;gif;jpg;jpeg;jpe;resx;tiff;tif;png;wav;mfcribbon-ms</Extensions>
    </Filter>
  </ItemGroup>
  <ItemGroup>
    <ClCompile Include="..\..\..\griffin\griffin.c">
      <Filter>Source Files</Filter>
    </ClCompile>
    <ClCompile Include="..\..\..\griffin\griffin_cpp.cpp">
      <Filter>Source Files</Filter>
    </ClCompile>
    <ClCompile Include="..\..\..\griffin\griffin_glslang.cpp">
      <Filter>Source Files</Filter>
    </ClCompile>
  </ItemGroup>
  <ItemGroup>
    <Filter Include="ggpo">
      <UniqueIdentifier>{0bb9f615-3f7e-4185-8091-e70a30e8ff3f}</UniqueIdentifier>
    </Filter>
  </ItemGroup>
  <ItemGroup>
    <ClCompile Include="..\..\..\deps\ggpo\src\lib\ggpo\bitvector.cpp">
      <Filter>ggpo</Filter>
    </ClCompile>
    <ClCompile Include="..\..\..\deps\ggpo\src\lib\ggpo\game_input.cpp">
      <Filter>ggpo</Filter>
    </ClCompile>
    <ClCompile Include="..\..\..\deps\ggpo\src\lib\ggpo\input_queue.cpp">
      <Filter>ggpo</Filter>
    </ClCompile>
    <ClCompile Include="..\..\..\deps\ggpo\src\lib\ggpo\log.cpp">
      <Filter>ggpo</Filter>
    </ClCompile>
    <ClCompile Include="..\..\..\deps\ggpo\src\lib\ggpo\main.cpp">
      <Filter>ggpo</Filter>
    </ClCompile>
    <ClCompile Include="..\..\..\deps\ggpo\src\lib\ggpo\poll.cpp">
      <Filter>ggpo</Filter>
    </ClCompile>
    <ClCompile Include="..\..\..\deps\ggpo\src\lib\ggpo\sync.cpp">
      <Filter>ggpo</Filter>
    </ClCompile>
    <ClCompile Include="..\..\..\deps\ggpo\src\lib\ggpo\timesync.cpp">
      <Filter>ggpo</Filter>
    </ClCompile>
    <ClCompile Include="..\..\..\deps\ggpo\src\lib\ggpo\network\udp.cpp">
      <Filter>ggpo</Filter>
    </ClCompile>
    <ClCompile Include="..\..\..\deps\ggpo\src\lib\ggpo\network\udp_proto.cpp">
      <Filter>ggpo</Filter>
    </ClCompile>
    <ClCompile Include="..\..\..\deps\ggpo\src\lib\ggpo\backends\p2p.cpp">
      <Filter>ggpo</Filter>
    </ClCompile>
    <ClCompile Include="..\..\..\deps\ggpo\src\lib\ggpo\backends\spectator.cpp">
      <Filter>ggpo</Filter>
    </ClCompile>
    <ClCompile Include="..\..\..\deps\ggpo\src\lib\ggpo\backends\synctest.cpp">
      <Filter>ggpo</Filter>
    </ClCompile>
    <ClCompile Include="..\..\..\deps\ggpo\src\lib\ggpo\platform_windows.cpp">
      <Filter>ggpo</Filter>
    </ClCompile>
  </ItemGroup>
  <ItemGroup>
    <ClCompile Include="..\..\..\deps\ggpo\src\lib\lz4\lz4.c">
      <Filter>ggpo</Filter>
    </ClCompile>
  </ItemGroup>
</Project>
